#
# This file is autogenerated by pip-compile with Python 3.9
# by the following command:
#
#    pip-compile --output-file=requirements.lock requirements.txt
#
aiosqlite==0.22.1
    # via -r requirements.txt
annotated-types==0.7.0
    # via pydantic
anyio==4.12.1
    # via
    #   httpx
    #   openai
azure-common==1.1.28
    # via azure-mgmt-cdn
azure-core==1.39.0
    # via
    #   azure-identity
    #   azure-mgmt-core
    #   azure-storage-blob
azure-functions==1.24.0
    # via -r requirements.txt
azure-identity==1.25.3
    # via -r requirements.txt
azure-mgmt-cdn==13.1.1
    # via -r requirements.txt
azure-mgmt-core==1.6.0
    # via azure-mgmt-cdn
azure-storage-blob==12.28.0
    # via -r requirements.txt
beautifulsoup4==4.14.3
    # via yfinance
certifi==2026.4.22
    # via
    #   curl-cffi
    #   httpcore
    #   httpx
    #   requests
cffi==2.0.0
    # via
    #   cryptography
    #   curl-cffi
charset-normalizer==3.4.7
    # via requests
cryptography==48.0.0
    # via
    #   azure-identity
    #   azure-storage-blob
    #   msal
    #   pyjwt
curl-cffi==0.13.0
    # via yfinance
distro==1.9.0
    # via openai
exceptiongroup==1.3.1
    # via anyio
frozendict==2.4.7
    # via yfinance
h11==0.16.0
    # via httpcore
httpcore==1.0.9
    # via httpx
httpx==0.28.1
    # via
    #   openai
    #   python-telegram-bot
idna==3.13
    # via
    #   anyio
    #   httpx
    #   requests
isodate==0.7.2
    # via
    #   azure-mgmt-cdn
    #   azure-storage-blob
jiter==0.14.0
    # via openai
markupsafe==3.0.3
    # via werkzeug
msal==1.36.0
    # via
    #   azure-identity
    #   msal-extensions
msal-extensions==1.3.1
    # via azure-identity
multitasking==0.0.13
    # via yfinance
numpy==2.0.2
    # via
    #   pandas
    #   yfinance
openai==2.34.0
    # via -r requirements.txt
pandas==2.3.3
    # via
    #   -r requirements.txt
    #   yfinance
peewee==4.0.5
    # via yfinance
platformdirs==4.4.0
    # via yfinance
protobuf==6.33.6
    # via yfinance
pycparser==2.23
    # via cffi
pydantic==2.13.3
    # via openai
pydantic-core==2.46.3
    # via pydantic
pyjwt[crypto]==2.12.1
    # via
    #   msal
    #   pyjwt
python-dateutil==2.9.0.post0
    # via pandas
python-dotenv==1.2.1
    # via -r requirements.txt
python-telegram-bot==22.5
    # via -r requirements.txt
pytz==2026.2
    # via
    #   pandas
    #   yfinance
requests==2.32.5
    # via
    #   azure-core
    #   msal
    #   yfinance
six==1.17.0
    # via python-dateutil
sniffio==1.3.1
    # via openai
soupsieve==2.8.3
    # via beautifulsoup4
tqdm==4.67.3
    # via openai
typing-extensions==4.15.0
    # via
    #   anyio
    #   azure-core
    #   azure-identity
    #   azure-storage-blob
    #   beautifulsoup4
    #   cryptography
    #   exceptiongroup
    #   openai
    #   pydantic
    #   pydantic-core
    #   pyjwt
    #   typing-inspection
typing-inspection==0.4.2
    # via pydantic
tzdata==2026.2
    # via pandas
urllib3==2.6.3
    # via requests
websockets==15.0.1
    # via yfinance
werkzeug==3.1.8
    # via azure-functions
yfinance==1.2.0
    # via -r requirements.txt
